
Microsoft Visual Studio Solution File, Format Version 12.00
# Visual Studio Version 16
VisualStudioVersion = 16.0.32126.315
MinimumVisualStudioVersion = 10.0.40219.1
Project("{FAE04EC0-301F-11D3-BF4B-00C04F79EFBC}") = "WpfApp1", "WpfApp1.csproj", "{F30D8A20-D967-4CFE-B85E-68DA486CDD67}"
EndProject
Global
	GlobalSection(SolutionConfigurationPlatforms) = preSolution
		Debug|Any CPU = Debug|Any CPU
		Release|Any CPU = Release|Any CPU
	EndGlobalSection
	GlobalSection(ProjectConfigurationPlatforms) = postSolution
		{F30D8A20-D967-4CFE-B85E-68DA486CDD67}.Debug|Any CPU.ActiveCfg = Debug|Any CPU
		{F30D8A20-D967-4CFE-B85E-68DA486CDD67}.Debug|Any CPU.Build.0 = Debug|Any CPU
		{F30D8A20-D967-4CFE-B85E-68DA486CDD67}.Release|Any CPU.ActiveCfg = Release|Any CPU
		{F30D8A20-D967-4CFE-B85E-68DA486CDD67}.Release|Any CPU.Build.0 = Release|Any CPU
	EndGlobalSection
	GlobalSection(SolutionProperties) = preSolution
		HideSolutionNode = FALSE
	EndGlobalSection
	GlobalSection(ExtensibilityGlobals) = postSolution
		SolutionGuid = {360B443A-DF7E-497F-A8B5-F79F9B6C1411}
	EndGlobalSection
EndGlobal
